
Microsoft Visual Studio Solution File, Format Version 12.00
# Visual Studio Version 16
VisualStudioVersion = 16.0.31515.178
MinimumVisualStudioVersion = 10.0.40219.1
Project("{FAE04EC0-301F-11D3-BF4B-00C04F79EFBC}") = "Quadproject", "Quadproject\Quadproject.csproj", "{E81AD030-CDF9-413D-B81F-54C9853F3C9C}"
EndProject
Global
	GlobalSection(SolutionConfigurationPlatforms) = preSolution
		Debug|Any CPU = Debug|Any CPU
		Release|Any CPU = Release|Any CPU
	EndGlobalSection
	GlobalSection(ProjectConfigurationPlatforms) = postSolution
		{E81AD030-CDF9-413D-B81F-54C9853F3C9C}.Debug|Any CPU.ActiveCfg = Debug|Any CPU
		{E81AD030-CDF9-413D-B81F-54C9853F3C9C}.Debug|Any CPU.Build.0 = Debug|Any CPU
		{E81AD030-CDF9-413D-B81F-54C9853F3C9C}.Release|Any CPU.ActiveCfg = Release|Any CPU
		{E81AD030-CDF9-413D-B81F-54C9853F3C9C}.Release|Any CPU.Build.0 = Release|Any CPU
	EndGlobalSection
	GlobalSection(SolutionProperties) = preSolution
		HideSolutionNode = FALSE
	EndGlobalSection
	GlobalSection(ExtensibilityGlobals) = postSolution
		SolutionGuid = {26E4F1B0-611F-4826-B20A-2E68AFA8DAC6}
	EndGlobalSection
EndGlobal
